{
  "version": 2,
  "dependencies": {
    "net10.0": {
      "Silk.NET.MoltenVK.Native": {
        "type": "Direct",
        "requested": "[2.23.0, )",
        "resolved": "2.23.0",
        "contentHash": "MNlYsAlfPsv+p2KoLiqvW0xFToFK2vGCW5XhldUYND+sq3QEoSHn0ZGppEqFYGu996z/8d3c86HFBo63L2ZW5Q=="
      },
      "Microsoft.DotNet.PlatformAbstractions": {
        "type": "Transitive",
        "resolved": "3.1.6",
        "contentHash": "jek4XYaQ/PGUwDKKhwR8K47Uh1189PFzMeLqO83mXrXQVIpARZCcfuDedH50YDTepBkfijCZN5U/vZi++erxtg=="
      },
      "Microsoft.Extensions.DependencyModel": {
        "type": "Transitive",
        "resolved": "9.0.9",
        "contentHash": "fNGvKct2De8ghm0Bpfq0iWthtzIWabgOTi+gJhNOPhNJIowXNEUE2eZNW/zNCzrHVA3PXg2yZ+3cWZndC2IqYA=="
      },
      "Silk.NET.Core": {
        "type": "Transitive",
        "resolved": "2.23.0",
        "contentHash": "D7AT/nnwlB+4RZ84XY8QNGBZMJI5z9l4CSSETIJ1wCfRJzRt/341y3MRZ4HbnFz4r/IGaWOEZr86iE+0/65yyQ==",
        "dependencies": {
          "Microsoft.DotNet.PlatformAbstractions": "3.1.6",
          "Microsoft.Extensions.DependencyModel": "9.0.9"
        }
      },
      "deltamaths": {
        "type": "Project"
      },
      "deltarender": {
        "type": "Project",
        "dependencies": {
          "DeltaShader.Contract": "[1.0.0, )"
        }
      },
      "deltarender.fullscreenshaders": {
        "type": "Project",
        "dependencies": {
          "DeltaMaths": "[1.0.0, )",
          "DeltaShader": "[1.0.0, )",
          "DeltaShader.Contract": "[1.0.0, )"
        }
      },
      "deltarender.platform.sdl3": {
        "type": "Project",
        "dependencies": {
          "DeltaRender": "[1.0.0, )",
          "SDL3-CS": "[3.4.12.6, )",
          "SDL3-CS.Linux": "[3.4.12.6, )",
          "SDL3-CS.MacOS": "[3.4.12.6, )",
          "SDL3-CS.Windows": "[3.4.12.6, )"
        }
      },
      "deltarender.uishaders": {
        "type": "Project",
        "dependencies": {
          "DeltaMaths": "[1.0.0, )",
          "DeltaShader": "[1.0.0, )",
          "DeltaShader.Contract": "[1.0.0, )"
        }
      },
      "deltarender.vulkan": {
        "type": "Project",
        "dependencies": {
          "DeltaRender": "[1.0.0, )",
          "DeltaShader.Contract": "[1.0.0, )",
          "Silk.NET.MoltenVK.Native": "[2.23.0, )",
          "Silk.NET.Vulkan": "[2.23.0, )",
          "Silk.NET.Vulkan.Extensions.EXT": "[2.23.0, )",
          "Silk.NET.Vulkan.Extensions.KHR": "[2.23.0, )"
        }
      },
      "deltashader": {
        "type": "Project"
      },
      "deltashader.contract": {
        "type": "Project"
      },
      "SDL3-CS": {
        "type": "CentralTransitive",
        "requested": "[3.4.12.6, )",
        "resolved": "3.4.12.6",
        "contentHash": "0cYBXal+J0ZwiQkWf9jG0fEr1mLSDQ91Fy93MP1VOBVAOSUtsbVx/rPx/GNiCFzd6qSXG1mWWPD24mft+llYPg=="
      },
      "SDL3-CS.Linux": {
        "type": "CentralTransitive",
        "requested": "[3.4.12.6, )",
        "resolved": "3.4.12.6",
        "contentHash": "7KaBK61zrKlfccWKfY59eAaWP7Kr6FvuBdRyNzl7y2dseC2FDc6yCXubQoubMxmjZbtA87oelWwt0VyceazAEQ=="
      },
      "SDL3-CS.MacOS": {
        "type": "CentralTransitive",
        "requested": "[3.4.12.6, )",
        "resolved": "3.4.12.6",
        "contentHash": "ZQnln/FrTOHmw4loan68sKCDmdrQBWyvutGW0hnFkQpkhlfEIJvqh4Ov/lHTNDiiziIVLeGsEpD9CSwv41+MMA=="
      },
      "SDL3-CS.Windows": {
        "type": "CentralTransitive",
        "requested": "[3.4.12.6, )",
        "resolved": "3.4.12.6",
        "contentHash": "ZILtbNxwhV8/dcmPukYD/ZWwYT3q7cNU1H+XeG6WBC3yxXotBX3cvX4WdmRZV8B4FiOjH8pahoQjlF/0hNnp6g=="
      },
      "Silk.NET.Vulkan": {
        "type": "CentralTransitive",
        "requested": "[2.23.0, )",
        "resolved": "2.23.0",
        "contentHash": "3/irtlSWXZ3eTi8N6nelI6L34NTB8ZJHpqVMNzZx2aX7Ek9YEQ34NoQW8/Tljrtmkg8KRhHW8hKTEzZaKV8PgA==",
        "dependencies": {
          "Silk.NET.Core": "2.23.0"
        }
      },
      "Silk.NET.Vulkan.Extensions.EXT": {
        "type": "CentralTransitive",
        "requested": "[2.23.0, )",
        "resolved": "2.23.0",
        "contentHash": "+Oth189ksRiL6HvGCwIdnsYHawqrbO8y49u1H61z3wsfcHhQZeVDYe/wF5LD7fk3NcdgDvwFD3mLm1QWhdZySw==",
        "dependencies": {
          "Silk.NET.Core": "2.23.0",
          "Silk.NET.Vulkan": "2.23.0"
        }
      },
      "Silk.NET.Vulkan.Extensions.KHR": {
        "type": "CentralTransitive",
        "requested": "[2.23.0, )",
        "resolved": "2.23.0",
        "contentHash": "uRaf4j+SmH3DumjSSSUbFg33BnsGZUyXGj93O9NgGKZSJN3OTmNmQDxRew+/KiVLcgH6qzbto8aNGZ++j9GFWg==",
        "dependencies": {
          "Silk.NET.Core": "2.23.0",
          "Silk.NET.Vulkan": "2.23.0"
        }
      }
    },
    "net10.0/linux-x64": {
      "Silk.NET.MoltenVK.Native": {
        "type": "Direct",
        "requested": "[2.23.0, )",
        "resolved": "2.23.0",
        "contentHash": "MNlYsAlfPsv+p2KoLiqvW0xFToFK2vGCW5XhldUYND+sq3QEoSHn0ZGppEqFYGu996z/8d3c86HFBo63L2ZW5Q=="
      },
      "SDL3-CS.Linux": {
        "type": "CentralTransitive",
        "requested": "[3.4.12.6, )",
        "resolved": "3.4.12.6",
        "contentHash": "7KaBK61zrKlfccWKfY59eAaWP7Kr6FvuBdRyNzl7y2dseC2FDc6yCXubQoubMxmjZbtA87oelWwt0VyceazAEQ=="
      },
      "SDL3-CS.MacOS": {
        "type": "CentralTransitive",
        "requested": "[3.4.12.6, )",
        "resolved": "3.4.12.6",
        "contentHash": "ZQnln/FrTOHmw4loan68sKCDmdrQBWyvutGW0hnFkQpkhlfEIJvqh4Ov/lHTNDiiziIVLeGsEpD9CSwv41+MMA=="
      },
      "SDL3-CS.Windows": {
        "type": "CentralTransitive",
        "requested": "[3.4.12.6, )",
        "resolved": "3.4.12.6",
        "contentHash": "ZILtbNxwhV8/dcmPukYD/ZWwYT3q7cNU1H+XeG6WBC3yxXotBX3cvX4WdmRZV8B4FiOjH8pahoQjlF/0hNnp6g=="
      }
    },
    "net10.0/osx-arm64": {
      "Silk.NET.MoltenVK.Native": {
        "type": "Direct",
        "requested": "[2.23.0, )",
        "resolved": "2.23.0",
        "contentHash": "MNlYsAlfPsv+p2KoLiqvW0xFToFK2vGCW5XhldUYND+sq3QEoSHn0ZGppEqFYGu996z/8d3c86HFBo63L2ZW5Q=="
      },
      "SDL3-CS.Linux": {
        "type": "CentralTransitive",
        "requested": "[3.4.12.6, )",
        "resolved": "3.4.12.6",
        "contentHash": "7KaBK61zrKlfccWKfY59eAaWP7Kr6FvuBdRyNzl7y2dseC2FDc6yCXubQoubMxmjZbtA87oelWwt0VyceazAEQ=="
      },
      "SDL3-CS.MacOS": {
        "type": "CentralTransitive",
        "requested": "[3.4.12.6, )",
        "resolved": "3.4.12.6",
        "contentHash": "ZQnln/FrTOHmw4loan68sKCDmdrQBWyvutGW0hnFkQpkhlfEIJvqh4Ov/lHTNDiiziIVLeGsEpD9CSwv41+MMA=="
      },
      "SDL3-CS.Windows": {
        "type": "CentralTransitive",
        "requested": "[3.4.12.6, )",
        "resolved": "3.4.12.6",
        "contentHash": "ZILtbNxwhV8/dcmPukYD/ZWwYT3q7cNU1H+XeG6WBC3yxXotBX3cvX4WdmRZV8B4FiOjH8pahoQjlF/0hNnp6g=="
      }
    },
    "net10.0/win-x64": {
      "Silk.NET.MoltenVK.Native": {
        "type": "Direct",
        "requested": "[2.23.0, )",
        "resolved": "2.23.0",
        "contentHash": "MNlYsAlfPsv+p2KoLiqvW0xFToFK2vGCW5XhldUYND+sq3QEoSHn0ZGppEqFYGu996z/8d3c86HFBo63L2ZW5Q=="
      },
      "SDL3-CS.Linux": {
        "type": "CentralTransitive",
        "requested": "[3.4.12.6, )",
        "resolved": "3.4.12.6",
        "contentHash": "7KaBK61zrKlfccWKfY59eAaWP7Kr6FvuBdRyNzl7y2dseC2FDc6yCXubQoubMxmjZbtA87oelWwt0VyceazAEQ=="
      },
      "SDL3-CS.MacOS": {
        "type": "CentralTransitive",
        "requested": "[3.4.12.6, )",
        "resolved": "3.4.12.6",
        "contentHash": "ZQnln/FrTOHmw4loan68sKCDmdrQBWyvutGW0hnFkQpkhlfEIJvqh4Ov/lHTNDiiziIVLeGsEpD9CSwv41+MMA=="
      },
      "SDL3-CS.Windows": {
        "type": "CentralTransitive",
        "requested": "[3.4.12.6, )",
        "resolved": "3.4.12.6",
        "contentHash": "ZILtbNxwhV8/dcmPukYD/ZWwYT3q7cNU1H+XeG6WBC3yxXotBX3cvX4WdmRZV8B4FiOjH8pahoQjlF/0hNnp6g=="
      }
    }
  }
}