{
  "version": 2,
  "dependencies": {
    "net10.0": {
      "Microsoft.NET.Test.Sdk": {
        "type": "Direct",
        "requested": "[17.11.0, )",
        "resolved": "17.11.0",
        "contentHash": "fH7P0LihMXgnlNLtrXGetHd30aQcD+YrSbWXbCPBnrypdRApPgNqd/TgncTlSVY1bbLYdnvpBgts2dcnK37GzA==",
        "dependencies": {
          "Microsoft.CodeCoverage": "17.11.0",
          "Microsoft.TestPlatform.TestHost": "17.11.0"
        }
      },
      "xunit": {
        "type": "Direct",
        "requested": "[2.9.2, )",
        "resolved": "2.9.2",
        "contentHash": "7LhFS2N9Z6Xgg8aE5lY95cneYivRMfRI8v+4PATa4S64D5Z/Plkg0qa8dTRHSiGRgVZ/CL2gEfJDE5AUhOX+2Q==",
        "dependencies": {
          "xunit.analyzers": "1.16.0",
          "xunit.assert": "2.9.2",
          "xunit.core": "[2.9.2]"
        }
      },
      "xunit.runner.visualstudio": {
        "type": "Direct",
        "requested": "[2.5.8, )",
        "resolved": "2.5.8",
        "contentHash": "ZJTm71neOfZcUnqdyY0A0Qgcg1162DoOq6+VpCCsOaD9rwCK5alcjOEHeu17sEekzq4qNv3kyelx6lUMsAt/eA=="
      },
      "Microsoft.CodeCoverage": {
        "type": "Transitive",
        "resolved": "17.11.0",
        "contentHash": "QKcOSuw7MZG4XiQ+pCj+Ib6amOwoRDEO7e3DbxqXeOPXSnfyGXYoZQI8I140s1mKQVn1Vh+c5WlKvCvlgMovpg=="
      },
      "Microsoft.DotNet.PlatformAbstractions": {
        "type": "Transitive",
        "resolved": "3.1.6",
        "contentHash": "jek4XYaQ/PGUwDKKhwR8K47Uh1189PFzMeLqO83mXrXQVIpARZCcfuDedH50YDTepBkfijCZN5U/vZi++erxtg=="
      },
      "Microsoft.Extensions.DependencyModel": {
        "type": "Transitive",
        "resolved": "9.0.9",
        "contentHash": "fNGvKct2De8ghm0Bpfq0iWthtzIWabgOTi+gJhNOPhNJIowXNEUE2eZNW/zNCzrHVA3PXg2yZ+3cWZndC2IqYA=="
      },
      "Microsoft.TestPlatform.ObjectModel": {
        "type": "Transitive",
        "resolved": "17.11.0",
        "contentHash": "PU+CC1yRzbR0IllrtdILaeep7WP5OIrvmWrvCMqG3jB1h4F6Ur7CYHl6ENbDVXPzEvygXh0GWbTyrbjfvgTpAg=="
      },
      "Microsoft.TestPlatform.TestHost": {
        "type": "Transitive",
        "resolved": "17.11.0",
        "contentHash": "KMzJO3dm3+9W8JRQ3IDviu0v7uXP5Lgii6TuxMc5m8ynaqcGnn7Y18cMb5AsP2xp59uUHO474WZrssxBdb8ZxQ==",
        "dependencies": {
          "Microsoft.TestPlatform.ObjectModel": "17.11.0",
          "Newtonsoft.Json": "13.0.1"
        }
      },
      "Newtonsoft.Json": {
        "type": "Transitive",
        "resolved": "13.0.1",
        "contentHash": "ppPFpBcvxdsfUonNcvITKqLl3bqxWbDCZIzDWHzjpdAHRFfZe0Dw9HmA0+za13IdyrgJwpkDTDA9fHaxOrt20A=="
      },
      "Silk.NET.Core": {
        "type": "Transitive",
        "resolved": "2.23.0",
        "contentHash": "D7AT/nnwlB+4RZ84XY8QNGBZMJI5z9l4CSSETIJ1wCfRJzRt/341y3MRZ4HbnFz4r/IGaWOEZr86iE+0/65yyQ==",
        "dependencies": {
          "Microsoft.DotNet.PlatformAbstractions": "3.1.6",
          "Microsoft.Extensions.DependencyModel": "9.0.9"
        }
      },
      "SixLabors.Fonts": {
        "type": "Transitive",
        "resolved": "3.1.0-fork.cadda774",
        "contentHash": "melkZCD43nHQiY1WTbVxy1+J/YwJ61S9bwPun1UNHBi4iYuIgQSGzP6oJYdaA3bFBZHw6RsByyD4scyfnUUcAw=="
      },
      "xunit.abstractions": {
        "type": "Transitive",
        "resolved": "2.0.3",
        "contentHash": "pot1I4YOxlWjIb5jmwvvQNbTrZ3lJQ+jUGkGjWE3hEFM0l5gOnBWS+H3qsex68s5cO52g+44vpGzhAt+42vwKg=="
      },
      "xunit.analyzers": {
        "type": "Transitive",
        "resolved": "1.16.0",
        "contentHash": "hptYM7vGr46GUIgZt21YHO4rfuBAQS2eINbFo16CV/Dqq+24Tp+P5gDCACu1AbFfW4Sp/WRfDPSK8fmUUb8s0Q=="
      },
      "xunit.assert": {
        "type": "Transitive",
        "resolved": "2.9.2",
        "contentHash": "QkNBAQG4pa66cholm28AxijBjrmki98/vsEh4Sx5iplzotvPgpiotcxqJQMRC8d7RV7nIT8ozh97957hDnZwsQ=="
      },
      "xunit.core": {
        "type": "Transitive",
        "resolved": "2.9.2",
        "contentHash": "O6RrNSdmZ0xgEn5kT927PNwog5vxTtKrWMihhhrT0Sg9jQ7iBDciYOwzBgP2krBEk5/GBXI18R1lKvmnxGcb4w==",
        "dependencies": {
          "xunit.extensibility.core": "[2.9.2]",
          "xunit.extensibility.execution": "[2.9.2]"
        }
      },
      "xunit.extensibility.core": {
        "type": "Transitive",
        "resolved": "2.9.2",
        "contentHash": "Ol+KlBJz1x8BrdnhN2DeOuLrr1I/cTwtHCggL9BvYqFuVd/TUSzxNT5O0NxCIXth30bsKxgMfdqLTcORtM52yQ==",
        "dependencies": {
          "xunit.abstractions": "2.0.3"
        }
      },
      "xunit.extensibility.execution": {
        "type": "Transitive",
        "resolved": "2.9.2",
        "contentHash": "rKMpq4GsIUIJibXuZoZ8lYp5EpROlnYaRpwu9Zr0sRZXE7JqJfEEbCsUriZqB+ByXCLFBJyjkTRULMdC+U566g==",
        "dependencies": {
          "xunit.extensibility.core": "[2.9.2]"
        }
      },
      "delta.diagnostics.contract": {
        "type": "Project"
      },
      "deltamaths": {
        "type": "Project"
      },
      "deltarender": {
        "type": "Project",
        "dependencies": {
          "Delta.Diagnostics.Contract": "[1.0.0, )",
          "DeltaShader.Contract": "[1.0.0, )"
        }
      },
      "deltarender.fullscreenshaders": {
        "type": "Project",
        "dependencies": {
          "DeltaMaths": "[1.0.0, )",
          "DeltaShader": "[1.0.0, )",
          "DeltaShader.Contract": "[1.0.0, )"
        }
      },
      "deltarender.platform.sdl3": {
        "type": "Project",
        "dependencies": {
          "DeltaRender": "[1.0.0, )",
          "SDL3-CS": "[3.4.12.6, )",
          "SDL3-CS.Linux": "[3.4.12.6, )",
          "SDL3-CS.MacOS": "[3.4.12.6, )",
          "SDL3-CS.Windows": "[3.4.12.6, )"
        }
      },
      "deltarender.text": {
        "type": "Project",
        "dependencies": {
          "DeltaRender": "[1.0.0, )",
          "DeltaShader.Text": "[1.0.0, )",
          "DeltaText": "[1.0.0, )"
        }
      },
      "deltarender.uishaders": {
        "type": "Project",
        "dependencies": {
          "DeltaMaths": "[1.0.0, )",
          "DeltaShader": "[1.0.0, )",
          "DeltaShader.Contract": "[1.0.0, )"
        }
      },
      "deltarender.vulkan": {
        "type": "Project",
        "dependencies": {
          "Delta.Diagnostics.Contract": "[1.0.0, )",
          "DeltaRender": "[1.0.0, )",
          "DeltaShader.Contract": "[1.0.0, )",
          "Silk.NET.MoltenVK.Native": "[2.23.0, )",
          "Silk.NET.Vulkan": "[2.23.0, )",
          "Silk.NET.Vulkan.Extensions.EXT": "[2.23.0, )",
          "Silk.NET.Vulkan.Extensions.KHR": "[2.23.0, )"
        }
      },
      "deltarender.xaml": {
        "type": "Project",
        "dependencies": {
          "DeltaRender": "[1.0.0, )",
          "DeltaRender.Text": "[1.0.0, )",
          "DeltaShader.UI": "[1.0.0, )",
          "DeltaXAML.Contract": "[1.0.0, )"
        }
      },
      "deltashader": {
        "type": "Project"
      },
      "deltashader.contract": {
        "type": "Project"
      },
      "deltashader.text": {
        "type": "Project",
        "dependencies": {
          "DeltaMaths": "[1.0.0, )",
          "DeltaShader": "[1.0.0, )",
          "DeltaShader.Contract": "[1.0.0, )"
        }
      },
      "deltashader.ui": {
        "type": "Project",
        "dependencies": {
          "DeltaMaths": "[1.0.0, )",
          "DeltaShader": "[1.0.0, )",
          "DeltaShader.Contract": "[1.0.0, )"
        }
      },
      "deltatext": {
        "type": "Project",
        "dependencies": {
          "DeltaMaths": "[1.0.0, )",
          "SixLabors.Fonts": "[3.1.0-fork.cadda774, )"
        }
      },
      "deltaxaml.contract": {
        "type": "Project",
        "dependencies": {
          "DeltaMaths": "[1.0.0, )",
          "DeltaText": "[1.0.0, )"
        }
      },
      "SDL3-CS": {
        "type": "CentralTransitive",
        "requested": "[3.4.12.6, )",
        "resolved": "3.4.12.6",
        "contentHash": "0cYBXal+J0ZwiQkWf9jG0fEr1mLSDQ91Fy93MP1VOBVAOSUtsbVx/rPx/GNiCFzd6qSXG1mWWPD24mft+llYPg=="
      },
      "SDL3-CS.Linux": {
        "type": "CentralTransitive",
        "requested": "[3.4.12.6, )",
        "resolved": "3.4.12.6",
        "contentHash": "7KaBK61zrKlfccWKfY59eAaWP7Kr6FvuBdRyNzl7y2dseC2FDc6yCXubQoubMxmjZbtA87oelWwt0VyceazAEQ=="
      },
      "SDL3-CS.MacOS": {
        "type": "CentralTransitive",
        "requested": "[3.4.12.6, )",
        "resolved": "3.4.12.6",
        "contentHash": "ZQnln/FrTOHmw4loan68sKCDmdrQBWyvutGW0hnFkQpkhlfEIJvqh4Ov/lHTNDiiziIVLeGsEpD9CSwv41+MMA=="
      },
      "SDL3-CS.Windows": {
        "type": "CentralTransitive",
        "requested": "[3.4.12.6, )",
        "resolved": "3.4.12.6",
        "contentHash": "ZILtbNxwhV8/dcmPukYD/ZWwYT3q7cNU1H+XeG6WBC3yxXotBX3cvX4WdmRZV8B4FiOjH8pahoQjlF/0hNnp6g=="
      },
      "Silk.NET.MoltenVK.Native": {
        "type": "CentralTransitive",
        "requested": "[2.23.0, )",
        "resolved": "2.23.0",
        "contentHash": "MNlYsAlfPsv+p2KoLiqvW0xFToFK2vGCW5XhldUYND+sq3QEoSHn0ZGppEqFYGu996z/8d3c86HFBo63L2ZW5Q=="
      },
      "Silk.NET.Vulkan": {
        "type": "CentralTransitive",
        "requested": "[2.23.0, )",
        "resolved": "2.23.0",
        "contentHash": "3/irtlSWXZ3eTi8N6nelI6L34NTB8ZJHpqVMNzZx2aX7Ek9YEQ34NoQW8/Tljrtmkg8KRhHW8hKTEzZaKV8PgA==",
        "dependencies": {
          "Silk.NET.Core": "2.23.0"
        }
      },
      "Silk.NET.Vulkan.Extensions.EXT": {
        "type": "CentralTransitive",
        "requested": "[2.23.0, )",
        "resolved": "2.23.0",
        "contentHash": "+Oth189ksRiL6HvGCwIdnsYHawqrbO8y49u1H61z3wsfcHhQZeVDYe/wF5LD7fk3NcdgDvwFD3mLm1QWhdZySw==",
        "dependencies": {
          "Silk.NET.Core": "2.23.0",
          "Silk.NET.Vulkan": "2.23.0"
        }
      },
      "Silk.NET.Vulkan.Extensions.KHR": {
        "type": "CentralTransitive",
        "requested": "[2.23.0, )",
        "resolved": "2.23.0",
        "contentHash": "uRaf4j+SmH3DumjSSSUbFg33BnsGZUyXGj93O9NgGKZSJN3OTmNmQDxRew+/KiVLcgH6qzbto8aNGZ++j9GFWg==",
        "dependencies": {
          "Silk.NET.Core": "2.23.0",
          "Silk.NET.Vulkan": "2.23.0"
        }
      }
    }
  }
}