<Solution>
  <Project Path="samples/DeltaRender.Smoke/DeltaRender.Smoke.csproj" />
  <Project Path="src/DeltaRender/DeltaRender.csproj" />
  <Project Path="src/DeltaRender.Text/DeltaRender.Text.csproj" />
  <Project Path="src/DeltaRender.Platform.SDL3/DeltaRender.Platform.SDL3.csproj" />
  <Project Path="src/DeltaRender.Vulkan/DeltaRender.Vulkan.csproj" />
  <Project Path="tests/DeltaRender.Tests/DeltaRender.Tests.csproj" />
  <Project Path="tools/DeltaRender.UiShaders/DeltaRender.UiShaders.csproj" />
  <Project Path="tools/DeltaRender.FullscreenShaders/DeltaRender.FullscreenShaders.csproj" />
</Solution>
