<Solution>
  <Project Path="samples/DeltaRender.Smoke/DeltaRender.Smoke.csproj" />
  <Project Path="samples/DeltaRender.ShaderSandbox/DeltaRender.ShaderSandbox.csproj" />
  <Project Path="samples/DeltaRender.HeadlessShaderPlayground/DeltaRender.HeadlessShaderPlayground.csproj" />
  <Project Path="samples/DeltaRender.MeshSample/DeltaRender.MeshSample.csproj" />
  <Project Path="samples/DeltaRender.UiVisualCompare/DeltaRender.UiVisualCompare.csproj" />
  <Project Path="src/DeltaRender/DeltaRender.csproj" />
  <Project Path="src/DeltaRender.Platform.SDL3/DeltaRender.Platform.SDL3.csproj" />
  <Project Path="src/DeltaRender.Text/DeltaRender.Text.csproj" />
  <Project Path="src/Delta.Graphics.Semantics/Delta.Graphics.Semantics.csproj" />
  <Project Path="src/DeltaRender.Mesh/DeltaRender.Mesh.csproj" />
  <Project Path="src/DeltaRender.Vulkan/DeltaRender.Vulkan.csproj" />
  <Project Path="src/DeltaRender.XAML/DeltaRender.XAML.csproj" />
  <Project Path="src/DeltaRender.UI/DeltaRender.UI.csproj" />
  <Project Path="tests/DeltaRender.Tests/DeltaRender.Tests.csproj" />
  <Project Path="tools/DeltaRender.UIShaders/DeltaRender.UIShaders.csproj" />
  <Project Path="tools/DeltaRender.FullscreenShaders/DeltaRender.FullscreenShaders.csproj" />
  <Project Path="tools/DeltaRender.SquareShaders/DeltaRender.SquareShaders.csproj" />
  <Project Path="tools/DeltaRender.MathConformance/DeltaRender.MathConformance.csproj" />
</Solution>
