<Solution>
  <Project Path="samples/Delta.Render.Smoke/Delta.Render.Smoke.csproj" />
  <Project Path="src/Delta.Render.Core/Delta.Render.Core.csproj" />
  <Project Path="src/Delta.Render.Platform.SDL3/Delta.Render.Platform.SDL3.csproj" />
  <Project Path="src/Delta.Render.Vulkan/Delta.Render.Vulkan.csproj" />
  <Project Path="tests/Delta.Render.Tests/Delta.Render.Tests.csproj" />
  <Project Path="tools/Delta.Render.UiShaders/Delta.Render.UiShaders.csproj" />
</Solution>
