{
  "version": 2,
  "dependencies": {
    "net10.0": {
      "Microsoft.CodeAnalysis.Analyzers": {
        "type": "Transitive",
        "resolved": "3.11.0",
        "contentHash": "v/EW3UE8/lbEYHoC2Qq7AR/DnmvpgdtAMndfQNmpuIMx/Mto8L5JnuCfdBYtgvalQOtfNCnxFejxuRrryvUTsg=="
      },
      "Microsoft.CodeAnalysis.Common": {
        "type": "Transitive",
        "resolved": "4.13.0",
        "contentHash": "T8nRl4mAUY4mhdYM4U2ra2vP2EL+ol8Yqwo0gwC/V55vmlXq9NxdIkZJynTpTL1uX/jHijJ90AeOEx4lf7OwzQ==",
        "dependencies": {
          "Microsoft.CodeAnalysis.Analyzers": "3.11.0"
        }
      },
      "Microsoft.CodeAnalysis.CSharp": {
        "type": "Transitive",
        "resolved": "4.13.0",
        "contentHash": "BsH7Vijbj9IL7Fj4k/ysZSVyLGFqr75wmdFGwCKWJvSjnA1xwPaQ3hkB2BQdHOt5CpEYA6Q0I6Oo5sDTDHqHsg==",
        "dependencies": {
          "Microsoft.CodeAnalysis.Analyzers": "3.11.0",
          "Microsoft.CodeAnalysis.Common": "[4.13.0]"
        }
      },
      "Microsoft.DotNet.PlatformAbstractions": {
        "type": "Transitive",
        "resolved": "3.1.6",
        "contentHash": "jek4XYaQ/PGUwDKKhwR8K47Uh1189PFzMeLqO83mXrXQVIpARZCcfuDedH50YDTepBkfijCZN5U/vZi++erxtg=="
      },
      "Microsoft.Extensions.DependencyModel": {
        "type": "Transitive",
        "resolved": "9.0.9",
        "contentHash": "fNGvKct2De8ghm0Bpfq0iWthtzIWabgOTi+gJhNOPhNJIowXNEUE2eZNW/zNCzrHVA3PXg2yZ+3cWZndC2IqYA=="
      },
      "Silk.NET.Core": {
        "type": "Transitive",
        "resolved": "2.23.0",
        "contentHash": "D7AT/nnwlB+4RZ84XY8QNGBZMJI5z9l4CSSETIJ1wCfRJzRt/341y3MRZ4HbnFz4r/IGaWOEZr86iE+0/65yyQ==",
        "dependencies": {
          "Microsoft.DotNet.PlatformAbstractions": "3.1.6",
          "Microsoft.Extensions.DependencyModel": "9.0.9"
        }
      },
      "delta.render.core": {
        "type": "Project",
        "dependencies": {
          "Delta.Shader.Abstractions": "[1.0.0, )"
        }
      },
      "delta.render.vulkan": {
        "type": "Project",
        "dependencies": {
          "Delta.Render.Core": "[1.0.0, )",
          "Delta.Shader.Abstractions": "[1.0.0, )",
          "Silk.NET.MoltenVK.Native": "[2.23.0, )",
          "Silk.NET.Vulkan": "[2.23.0, )",
          "Silk.NET.Vulkan.Extensions.EXT": "[2.23.0, )",
          "Silk.NET.Vulkan.Extensions.KHR": "[2.23.0, )"
        }
      },
      "delta.shader.abstractions": {
        "type": "Project"
      },
      "delta.shader.backend.glsl": {
        "type": "Project",
        "dependencies": {
          "Delta.Shader.Compiler": "[1.0.0, )"
        }
      },
      "delta.shader.compiler": {
        "type": "Project",
        "dependencies": {
          "Delta.Shader.Abstractions": "[1.0.0, )",
          "Microsoft.CodeAnalysis.Analyzers": "[3.11.0, )",
          "Microsoft.CodeAnalysis.CSharp": "[4.13.0, )"
        }
      },
      "delta.shader.runtime": {
        "type": "Project",
        "dependencies": {
          "Delta.Shader.Abstractions": "[1.0.0, )",
          "Delta.Shader.Backend.Glsl": "[1.0.0, )",
          "Delta.Shader.Compiler": "[1.0.0, )",
          "Microsoft.CodeAnalysis.CSharp": "[4.13.0, )"
        }
      },
      "Silk.NET.MoltenVK.Native": {
        "type": "CentralTransitive",
        "requested": "[2.23.0, )",
        "resolved": "2.23.0",
        "contentHash": "MNlYsAlfPsv+p2KoLiqvW0xFToFK2vGCW5XhldUYND+sq3QEoSHn0ZGppEqFYGu996z/8d3c86HFBo63L2ZW5Q=="
      },
      "Silk.NET.Vulkan": {
        "type": "CentralTransitive",
        "requested": "[2.23.0, )",
        "resolved": "2.23.0",
        "contentHash": "3/irtlSWXZ3eTi8N6nelI6L34NTB8ZJHpqVMNzZx2aX7Ek9YEQ34NoQW8/Tljrtmkg8KRhHW8hKTEzZaKV8PgA==",
        "dependencies": {
          "Silk.NET.Core": "2.23.0"
        }
      },
      "Silk.NET.Vulkan.Extensions.EXT": {
        "type": "CentralTransitive",
        "requested": "[2.23.0, )",
        "resolved": "2.23.0",
        "contentHash": "+Oth189ksRiL6HvGCwIdnsYHawqrbO8y49u1H61z3wsfcHhQZeVDYe/wF5LD7fk3NcdgDvwFD3mLm1QWhdZySw==",
        "dependencies": {
          "Silk.NET.Core": "2.23.0",
          "Silk.NET.Vulkan": "2.23.0"
        }
      },
      "Silk.NET.Vulkan.Extensions.KHR": {
        "type": "CentralTransitive",
        "requested": "[2.23.0, )",
        "resolved": "2.23.0",
        "contentHash": "uRaf4j+SmH3DumjSSSUbFg33BnsGZUyXGj93O9NgGKZSJN3OTmNmQDxRew+/KiVLcgH6qzbto8aNGZ++j9GFWg==",
        "dependencies": {
          "Silk.NET.Core": "2.23.0",
          "Silk.NET.Vulkan": "2.23.0"
        }
      }
    },
    "net10.0/osx-arm64": {
      "Silk.NET.MoltenVK.Native": {
        "type": "CentralTransitive",
        "requested": "[2.23.0, )",
        "resolved": "2.23.0",
        "contentHash": "MNlYsAlfPsv+p2KoLiqvW0xFToFK2vGCW5XhldUYND+sq3QEoSHn0ZGppEqFYGu996z/8d3c86HFBo63L2ZW5Q=="
      }
    }
  }
}